
Microsoft Visual Studio Solution File, Format Version 12.00
# Visual Studio Version 17
VisualStudioVersion = 17.5.002.0
MinimumVisualStudioVersion = 10.0.40219.1
Project("{9A19103F-16F7-4668-BE54-9A1E7A4F7556}") = "ApiDebuggingGirls", "ApiDebuggingGirls.csproj", "{E855A8B4-23D0-4E22-B066-559D58099283}"
EndProject
Global
	GlobalSection(SolutionConfigurationPlatforms) = preSolution
		Debug|Any CPU = Debug|Any CPU
		Release|Any CPU = Release|Any CPU
	EndGlobalSection
	GlobalSection(ProjectConfigurationPlatforms) = postSolution
		{E855A8B4-23D0-4E22-B066-559D58099283}.Debug|Any CPU.ActiveCfg = Debug|Any CPU
		{E855A8B4-23D0-4E22-B066-559D58099283}.Debug|Any CPU.Build.0 = Debug|Any CPU
		{E855A8B4-23D0-4E22-B066-559D58099283}.Release|Any CPU.ActiveCfg = Release|Any CPU
		{E855A8B4-23D0-4E22-B066-559D58099283}.Release|Any CPU.Build.0 = Release|Any CPU
	EndGlobalSection
	GlobalSection(SolutionProperties) = preSolution
		HideSolutionNode = FALSE
	EndGlobalSection
	GlobalSection(ExtensibilityGlobals) = postSolution
		SolutionGuid = {5F82E204-B540-4F6F-863D-6C55DAFA083A}
	EndGlobalSection
EndGlobal
